// !$*UTF8*$!
{
	archiveVersion = 1;
	classes = {
	};
	objectVersion = 56;
	objects = {

/* Begin PBXBuildFile section */
		BD00EE4928992081004F3769 /* your_pretApp.swift in Sources */ = {isa = PBXBuildFile; fileRef = BD00EE4828992081004F3769 /* your_pretApp.swift */; };
		BD00EE4B28992081004F3769 /* ContentView.swift in Sources */ = {isa = PBXBuildFile; fileRef = BD00EE4A28992081004F3769 /* ContentView.swift */; };
		BD00EE4D28992082004F3769 /* Assets.xcassets in Resources */ = {isa = PBXBuildFile; fileRef = BD00EE4C28992082004F3769 /* Assets.xcassets */; };
		BD00EE5028992082004F3769 /* Preview Assets.xcassets in Resources */ = {isa = PBXBuildFile; fileRef = BD00EE4F28992082004F3769 /* Preview Assets.xcassets */; };
		BD6D87FE2899E07F00A1EBB5 /* CloudKit.framework in Frameworks */ = {isa = PBXBuildFile; fileRef = BD6D87FD2899E07F00A1EBB5 /* CloudKit.framework */; };
		BD6D88002899E0B400A1EBB5 /* ViewModel.swift in Sources */ = {isa = PBXBuildFile; fileRef = BD6D87FF2899E0B400A1EBB5 /* ViewModel.swift */; };
		BD91D76628A27378005CA344 /* Bg.swift in Sources */ = {isa = PBXBuildFile; fileRef = BD91D76528A27378005CA344 /* Bg.swift */; };
		BD91D76828A2740A005CA344 /* PretSlider.swift in Sources */ = {isa = PBXBuildFile; fileRef = BD91D76728A2740A005CA344 /* PretSlider.swift */; };
		BDE8D79428A24D1800192BEB /* ColorExtension.swift in Sources */ = {isa = PBXBuildFile; fileRef = BDE8D79328A24D1800192BEB /* ColorExtension.swift */; };
/* End PBXBuildFile section */

/* Begin PBXFileReference section */
		BD00EE4528992081004F3769 /* your-pret.app */ = {isa = PBXFileReference; explicitFileType = wrapper.application; includeInIndex = 0; path = "your-pret.app"; sourceTree = BUILT_PRODUCTS_DIR; };
		BD00EE4828992081004F3769 /* your_pretApp.swift */ = {isa = PBXFileReference; lastKnownFileType = sourcecode.swift; path = your_pretApp.swift; sourceTree = "<group>"; };
		BD00EE4A28992081004F3769 /* ContentView.swift */ = {isa = PBXFileReference; lastKnownFileType = sourcecode.swift; path = ContentView.swift; sourceTree = "<group>"; };
		BD00EE4C28992082004F3769 /* Assets.xcassets */ = {isa = PBXFileReference; lastKnownFileType = folder.assetcatalog; path = Assets.xcassets; sourceTree = "<group>"; };
		BD00EE4F28992082004F3769 /* Preview Assets.xcassets */ = {isa = PBXFileReference; lastKnownFileType = folder.assetcatalog; path = "Preview Assets.xcassets"; sourceTree = "<group>"; };
		BD6D87FB2899DFFC00A1EBB5 /* your-pret.entitlements */ = {isa = PBXFileReference; lastKnownFileType = text.plist.entitlements; path = "your-pret.entitlements"; sourceTree = "<group>"; };
		BD6D87FD2899E07F00A1EBB5 /* CloudKit.framework */ = {isa = PBXFileReference; lastKnownFileType = wrapper.framework; name = CloudKit.framework; path = System/Library/Frameworks/CloudKit.framework; sourceTree = SDKROOT; };
		BD6D87FF2899E0B400A1EBB5 /* ViewModel.swift */ = {isa = PBXFileReference; lastKnownFileType = sourcecode.swift; path = ViewModel.swift; sourceTree = "<group>"; };
		BD91D76528A27378005CA344 /* Bg.swift */ = {isa = PBXFileReference; lastKnownFileType = sourcecode.swift; path = Bg.swift; sourceTree = "<group>"; };
		BD91D76728A2740A005CA344 /* PretSlider.swift */ = {isa = PBXFileReference; lastKnownFileType = sourcecode.swift; path = PretSlider.swift; sourceTree = "<group>"; };
		BDE8D79328A24D1800192BEB /* ColorExtension.swift */ = {isa = PBXFileReference; lastKnownFileType = sourcecode.swift; path = ColorExtension.swift; sourceTree = "<group>"; };
/* End PBXFileReference section */

/* Begin PBXFrameworksBuildPhase section */
		BD00EE4228992081004F3769 /* Frameworks */ = {
			isa = PBXFrameworksBuildPhase;
			buildActionMask = 2147483647;
			files = (
				BD6D87FE2899E07F00A1EBB5 /* CloudKit.framework in Frameworks */,
			);
			runOnlyForDeploymentPostprocessing = 0;
		};
/* End PBXFrameworksBuildPhase section */

/* Begin PBXGroup section */
		BD00EE3C28992081004F3769 = {
			isa = PBXGroup;
			children = (
				BD00EE4728992081004F3769 /* your-pret */,
				BD00EE4628992081004F3769 /* Products */,
				BD6D87FC2899E07F00A1EBB5 /* Frameworks */,
			);
			sourceTree = "<group>";
		};
		BD00EE4628992081004F3769 /* Products */ = {
			isa = PBXGroup;
			children = (
				BD00EE4528992081004F3769 /* your-pret.app */,
			);
			name = Products;
			sourceTree = "<group>";
		};
		BD00EE4728992081004F3769 /* your-pret */ = {
			isa = PBXGroup;
			children = (
				BD91D76728A2740A005CA344 /* PretSlider.swift */,
				BD91D76528A27378005CA344 /* Bg.swift */,
				BDE8D79328A24D1800192BEB /* ColorExtension.swift */,
				BD6D87FB2899DFFC00A1EBB5 /* your-pret.entitlements */,
				BD00EE4828992081004F3769 /* your_pretApp.swift */,
				BD00EE4A28992081004F3769 /* ContentView.swift */,
				BD6D87FF2899E0B400A1EBB5 /* ViewModel.swift */,
				BD00EE4C28992082004F3769 /* Assets.xcassets */,
				BD00EE4E28992082004F3769 /* Preview Content */,
			);
			path = "your-pret";
			sourceTree = "<group>";
		};
		BD00EE4E28992082004F3769 /* Preview Content */ = {
			isa = PBXGroup;
			children = (
				BD00EE4F28992082004F3769 /* Preview Assets.xcassets */,
			);
			path = "Preview Content";
			sourceTree = "<group>";
		};
		BD6D87FC2899E07F00A1EBB5 /* Frameworks */ = {
			isa = PBXGroup;
			children = (
				BD6D87FD2899E07F00A1EBB5 /* CloudKit.framework */,
			);
			name = Frameworks;
			sourceTree = "<group>";
		};
/* End PBXGroup section */

/* Begin PBXNativeTarget section */
		BD00EE4428992081004F3769 /* your-pret */ = {
			isa = PBXNativeTarget;
			buildConfigurationList = BD00EE5328992082004F3769 /* Build configuration list for PBXNativeTarget "your-pret" */;
			buildPhases = (
				BD00EE4128992081004F3769 /* Sources */,
				BD00EE4228992081004F3769 /* Frameworks */,
				BD00EE4328992081004F3769 /* Resources */,
			);
			buildRules = (
			);
			dependencies = (
			);
			name = "your-pret";
			productName = "your-pret";
			productReference = BD00EE4528992081004F3769 /* your-pret.app */;
			productType = "com.apple.product-type.application";
		};
/* End PBXNativeTarget section */

/* Begin PBXProject section */
		BD00EE3D28992081004F3769 /* Project object */ = {
			isa = PBXProject;
			attributes = {
				BuildIndependentTargetsInParallel = 1;
				LastSwiftUpdateCheck = 1400;
				LastUpgradeCheck = 1400;
				TargetAttributes = {
					BD00EE4428992081004F3769 = {
						CreatedOnToolsVersion = 14.0;
					};
				};
			};
			buildConfigurationList = BD00EE4028992081004F3769 /* Build configuration list for PBXProject "your-pret" */;
			compatibilityVersion = "Xcode 14.0";
			developmentRegion = en;
			hasScannedForEncodings = 0;
			knownRegions = (
				en,
				Base,
			);
			mainGroup = BD00EE3C28992081004F3769;
			productRefGroup = BD00EE4628992081004F3769 /* Products */;
			projectDirPath = "";
			projectRoot = "";
			targets = (
				BD00EE4428992081004F3769 /* your-pret */,
			);
		};
/* End PBXProject section */

/* Begin PBXResourcesBuildPhase section */
		BD00EE4328992081004F3769 /* Resources */ = {
			isa = PBXResourcesBuildPhase;
			buildActionMask = 2147483647;
			files = (
				BD00EE5028992082004F3769 /* Preview Assets.xcassets in Resources */,
				BD00EE4D28992082004F3769 /* Assets.xcassets in Resources */,
			);
			runOnlyForDeploymentPostprocessing = 0;
		};
/* End PBXResourcesBuildPhase section */

/* Begin PBXSourcesBuildPhase section */
		BD00EE4128992081004F3769 /* Sources */ = {
			isa = PBXSourcesBuildPhase;
			buildActionMask = 2147483647;
			files = (
				BD00EE4B28992081004F3769 /* ContentView.swift in Sources */,
				BD91D76828A2740A005CA344 /* PretSlider.swift in Sources */,
				BDE8D79428A24D1800192BEB /* ColorExtension.swift in Sources */,
				BD6D88002899E0B400A1EBB5 /* ViewModel.swift in Sources */,
				BD91D76628A27378005CA344 /* Bg.swift in Sources */,
				BD00EE4928992081004F3769 /* your_pretApp.swift in Sources */,
			);
			runOnlyForDeploymentPostprocessing = 0;
		};
/* End PBXSourcesBuildPhase section */

/* Begin XCBuildConfiguration section */
		BD00EE5128992082004F3769 /* Debug */ = {
			isa = XCBuildConfiguration;
			buildSettings = {
				ALWAYS_SEARCH_USER_PATHS = NO;
				CLANG_ANALYZER_NONNULL = YES;
				CLANG_ANALYZER_NUMBER_OBJECT_CONVERSION = YES_AGGRESSIVE;
				CLANG_CXX_LANGUAGE_STANDARD = "gnu++17";
				CLANG_ENABLE_MODULES = YES;
				CLANG_ENABLE_OBJC_ARC = YES;
				CLANG_ENABLE_OBJC_WEAK = YES;
				CLANG_WARN_BLOCK_CAPTURE_AUTORELEASING = YES;
				CLANG_WARN_BOOL_CONVERSION = YES;
				CLANG_WARN_COMMA = YES;
				CLANG_WARN_CONSTANT_CONVERSION = YES;
				CLANG_WARN_DEPRECATED_OBJC_IMPLEMENTATIONS = YES;
				CLANG_WARN_DIRECT_OBJC_ISA_USAGE = YES_ERROR;
				CLANG_WARN_DOCUMENTATION_COMMENTS = YES;
				CLANG_WARN_EMPTY_BODY = YES;
				CLANG_WARN_ENUM_CONVERSION = YES;
				CLANG_WARN_INFINITE_RECURSION = YES;
				CLANG_WARN_INT_CONVERSION = YES;
				CLANG_WARN_NON_LITERAL_NULL_CONVERSION = YES;
				CLANG_WARN_OBJC_IMPLICIT_RETAIN_SELF = YES;
				CLANG_WARN_OBJC_LITERAL_CONVERSION = YES;
				CLANG_WARN_OBJC_ROOT_CLASS = YES_ERROR;
				CLANG_WARN_QUOTED_INCLUDE_IN_FRAMEWORK_HEADER = YES;
				CLANG_WARN_RANGE_LOOP_ANALYSIS = YES;
				CLANG_WARN_STRICT_PROTOTYPES = YES;
				CLANG_WARN_SUSPICIOUS_MOVE = YES;
				CLANG_WARN_UNGUARDED_AVAILABILITY = YES_AGGRESSIVE;
				CLANG_WARN_UNREACHABLE_CODE = YES;
				CLANG_WARN__DUPLICATE_METHOD_MATCH = YES;
				COPY_PHASE_STRIP = NO;
				DEBUG_INFORMATION_FORMAT = dwarf;
				ENABLE_STRICT_OBJC_MSGSEND = YES;
				ENABLE_TESTABILITY = YES;
				GCC_C_LANGUAGE_STANDARD = gnu11;
				GCC_DYNAMIC_NO_PIC = NO;
				GCC_NO_COMMON_BLOCKS = YES;
				GCC_OPTIMIZATION_LEVEL = 0;
				GCC_PREPROCESSOR_DEFINITIONS = (
					"DEBUG=1",
					"$(inherited)",
				);
				GCC_WARN_64_TO_32_BIT_CONVERSION = YES;
				GCC_WARN_ABOUT_RETURN_TYPE = YES_ERROR;
				GCC_WARN_UNDECLARED_SELECTOR = YES;
				GCC_WARN_UNINITIALIZED_AUTOS = YES_AGGRESSIVE;
				GCC_WARN_UNUSED_FUNCTION = YES;
				GCC_WARN_UNUSED_VARIABLE = YES;
				IPHONEOS_DEPLOYMENT_TARGET = 16.0;
				MTL_ENABLE_DEBUG_INFO = INCLUDE_SOURCE;
				MTL_FAST_MATH = YES;
				ONLY_ACTIVE_ARCH = YES;
				SDKROOT = iphoneos;
				SWIFT_ACTIVE_COMPILATION_CONDITIONS = DEBUG;
				SWIFT_OPTIMIZATION_LEVEL = "-Onone";
			};
			name = Debug;
		};
		BD00EE5228992082004F3769 /* Release */ = {
			isa = XCBuildConfiguration;
			buildSettings = {
				ALWAYS_SEARCH_USER_PATHS = NO;
				CLANG_ANALYZER_NONNULL = YES;
				CLANG_ANALYZER_NUMBER_OBJECT_CONVERSION = YES_AGGRESSIVE;
				CLANG_CXX_LANGUAGE_STANDARD = "gnu++17";
				CLANG_ENABLE_MODULES = YES;
				CLANG_ENABLE_OBJC_ARC = YES;
				CLANG_ENABLE_OBJC_WEAK = YES;
				CLANG_WARN_BLOCK_CAPTURE_AUTORELEASING = YES;
				CLANG_WARN_BOOL_CONVERSION = YES;
				CLANG_WARN_COMMA = YES;
				CLANG_WARN_CONSTANT_CONVERSION = YES;
				CLANG_WARN_DEPRECATED_OBJC_IMPLEMENTATIONS = YES;
				CLANG_WARN_DIRECT_OBJC_ISA_USAGE = YES_ERROR;
				CLANG_WARN_DOCUMENTATION_COMMENTS = YES;
				CLANG_WARN_EMPTY_BODY = YES;
				CLANG_WARN_ENUM_CONVERSION = YES;
				CLANG_WARN_INFINITE_RECURSION = YES;
				CLANG_WARN_INT_CONVERSION = YES;
				CLANG_WARN_NON_LITERAL_NULL_CONVERSION = YES;
				CLANG_WARN_OBJC_IMPLICIT_RETAIN_SELF = YES;
				CLANG_WARN_OBJC_LITERAL_CONVERSION = YES;
				CLANG_WARN_OBJC_ROOT_CLASS = YES_ERROR;
				CLANG_WARN_QUOTED_INCLUDE_IN_FRAMEWORK_HEADER = YES;
				CLANG_WARN_RANGE_LOOP_ANALYSIS = YES;
				CLANG_WARN_STRICT_PROTOTYPES = YES;
				CLANG_WARN_SUSPICIOUS_MOVE = YES;
				CLANG_WARN_UNGUARDED_AVAILABILITY = YES_AGGRESSIVE;
				CLANG_WARN_UNREACHABLE_CODE = YES;
				CLANG_WARN__DUPLICATE_METHOD_MATCH = YES;
				COPY_PHASE_STRIP = NO;
				DEBUG_INFORMATION_FORMAT = "dwarf-with-dsym";
				ENABLE_NS_ASSERTIONS = NO;
				ENABLE_STRICT_OBJC_MSGSEND = YES;
				GCC_C_LANGUAGE_STANDARD = gnu11;
				GCC_NO_COMMON_BLOCKS = YES;
				GCC_WARN_64_TO_32_BIT_CONVERSION = YES;
				GCC_WARN_ABOUT_RETURN_TYPE = YES_ERROR;
				GCC_WARN_UNDECLARED_SELECTOR = YES;
				GCC_WARN_UNINITIALIZED_AUTOS = YES_AGGRESSIVE;
				GCC_WARN_UNUSED_FUNCTION = YES;
				GCC_WARN_UNUSED_VARIABLE = YES;
				IPHONEOS_DEPLOYMENT_TARGET = 16.0;
				MTL_ENABLE_DEBUG_INFO = NO;
				MTL_FAST_MATH = YES;
				SDKROOT = iphoneos;
				SWIFT_COMPILATION_MODE = wholemodule;
				SWIFT_OPTIMIZATION_LEVEL = "-O";
				VALIDATE_PRODUCT = YES;
			};
			name = Release;
		};
		BD00EE5428992082004F3769 /* Debug */ = {
			isa = XCBuildConfiguration;
			buildSettings = {
				ASSETCATALOG_COMPILER_APPICON_NAME = AppIcon;
				ASSETCATALOG_COMPILER_GLOBAL_ACCENT_COLOR_NAME = AccentColor;
				CODE_SIGN_ENTITLEMENTS = "your-pret/your-pret.entitlements";
				CODE_SIGN_STYLE = Automatic;
				CURRENT_PROJECT_VERSION = 1;
				DEVELOPMENT_ASSET_PATHS = "\"your-pret/Preview Content\"";
				DEVELOPMENT_TEAM = 6ZT823VK2T;
				ENABLE_PREVIEWS = YES;
				GENERATE_INFOPLIST_FILE = YES;
				INFOPLIST_KEY_UIApplicationSceneManifest_Generation = YES;
				INFOPLIST_KEY_UIApplicationSupportsIndirectInputEvents = YES;
				INFOPLIST_KEY_UILaunchScreen_Generation = YES;
				INFOPLIST_KEY_UISupportedInterfaceOrientations = UIInterfaceOrientationPortrait;
				INFOPLIST_KEY_UISupportedInterfaceOrientations_iPad = "UIInterfaceOrientationLandscapeLeft UIInterfaceOrientationLandscapeRight UIInterfaceOrientationPortraitUpsideDown";
				IPHONEOS_DEPLOYMENT_TARGET = 15.0;
				LD_RUNPATH_SEARCH_PATHS = (
					"$(inherited)",
					"@executable_path/Frameworks",
				);
				MARKETING_VERSION = 1.0;
				PRODUCT_BUNDLE_IDENTIFIER = "frank.your-pret";
				PRODUCT_NAME = "$(TARGET_NAME)";
				SWIFT_EMIT_LOC_STRINGS = YES;
				SWIFT_VERSION = 5.0;
				TARGETED_DEVICE_FAMILY = "1,2";
			};
			name = Debug;
		};
		BD00EE5528992082004F3769 /* Release */ = {
			isa = XCBuildConfiguration;
			buildSettings = {
				ASSETCATALOG_COMPILER_APPICON_NAME = AppIcon;
				ASSETCATALOG_COMPILER_GLOBAL_ACCENT_COLOR_NAME = AccentColor;
				CODE_SIGN_ENTITLEMENTS = "your-pret/your-pret.entitlements";
				CODE_SIGN_STYLE = Automatic;
				CURRENT_PROJECT_VERSION = 1;
				DEVELOPMENT_ASSET_PATHS = "\"your-pret/Preview Content\"";
				DEVELOPMENT_TEAM = 6ZT823VK2T;
				ENABLE_PREVIEWS = YES;
				GENERATE_INFOPLIST_FILE = YES;
				INFOPLIST_KEY_UIApplicationSceneManifest_Generation = YES;
				INFOPLIST_KEY_UIApplicationSupportsIndirectInputEvents = YES;
				INFOPLIST_KEY_UILaunchScreen_Generation = YES;
				INFOPLIST_KEY_UISupportedInterfaceOrientations = UIInterfaceOrientationPortrait;
				INFOPLIST_KEY_UISupportedInterfaceOrientations_iPad = "UIInterfaceOrientationLandscapeLeft UIInterfaceOrientationLandscapeRight UIInterfaceOrientationPortraitUpsideDown";
				IPHONEOS_DEPLOYMENT_TARGET = 15.0;
				LD_RUNPATH_SEARCH_PATHS = (
					"$(inherited)",
					"@executable_path/Frameworks",
				);
				MARKETING_VERSION = 1.0;
				PRODUCT_BUNDLE_IDENTIFIER = "frank.your-pret";
				PRODUCT_NAME = "$(TARGET_NAME)";
				SWIFT_EMIT_LOC_STRINGS = YES;
				SWIFT_VERSION = 5.0;
				TARGETED_DEVICE_FAMILY = "1,2";
			};
			name = Release;
		};
/* End XCBuildConfiguration section */

/* Begin XCConfigurationList section */
		BD00EE4028992081004F3769 /* Build configuration list for PBXProject "your-pret" */ = {
			isa = XCConfigurationList;
			buildConfigurations = (
				BD00EE5128992082004F3769 /* Debug */,
				BD00EE5228992082004F3769 /* Release */,
			);
			defaultConfigurationIsVisible = 0;
			defaultConfigurationName = Release;
		};
		BD00EE5328992082004F3769 /* Build configuration list for PBXNativeTarget "your-pret" */ = {
			isa = XCConfigurationList;
			buildConfigurations = (
				BD00EE5428992082004F3769 /* Debug */,
				BD00EE5528992082004F3769 /* Release */,
			);
			defaultConfigurationIsVisible = 0;
			defaultConfigurationName = Release;
		};
/* End XCConfigurationList section */
	};
	rootObject = BD00EE3D28992081004F3769 /* Project object */;
}
